
Microsoft Visual Studio Solution File, Format Version 12.00
# Visual Studio Version 16
VisualStudioVersion = 16.0.31424.327
MinimumVisualStudioVersion = 10.0.40219.1
Project("{9A19103F-16F7-4668-BE54-9A1E7A4F7556}") = "Task2", "Task2\Task2.csproj", "{AC8A1061-1241-4740-85F0-76EB90EF360F}"
EndProject
Project("{9A19103F-16F7-4668-BE54-9A1E7A4F7556}") = "Task3", "Task3\Task3.csproj", "{7B3659E8-A530-4A45-8AAB-A787E7AA21A8}"
EndProject
Project("{FAE04EC0-301F-11D3-BF4B-00C04F79EFBC}") = "AdditionalTask", "AdditionalTask\AdditionalTask.csproj", "{07839A7D-EB82-48DF-B7DD-E6B7A87C6E91}"
EndProject
Global
	GlobalSection(SolutionConfigurationPlatforms) = preSolution
		Debug|Any CPU = Debug|Any CPU
		Release|Any CPU = Release|Any CPU
	EndGlobalSection
	GlobalSection(ProjectConfigurationPlatforms) = postSolution
		{AC8A1061-1241-4740-85F0-76EB90EF360F}.Debug|Any CPU.ActiveCfg = Debug|Any CPU
		{AC8A1061-1241-4740-85F0-76EB90EF360F}.Debug|Any CPU.Build.0 = Debug|Any CPU
		{AC8A1061-1241-4740-85F0-76EB90EF360F}.Release|Any CPU.ActiveCfg = Release|Any CPU
		{AC8A1061-1241-4740-85F0-76EB90EF360F}.Release|Any CPU.Build.0 = Release|Any CPU
		{7B3659E8-A530-4A45-8AAB-A787E7AA21A8}.Debug|Any CPU.ActiveCfg = Debug|Any CPU
		{7B3659E8-A530-4A45-8AAB-A787E7AA21A8}.Debug|Any CPU.Build.0 = Debug|Any CPU
		{7B3659E8-A530-4A45-8AAB-A787E7AA21A8}.Release|Any CPU.ActiveCfg = Release|Any CPU
		{7B3659E8-A530-4A45-8AAB-A787E7AA21A8}.Release|Any CPU.Build.0 = Release|Any CPU
		{07839A7D-EB82-48DF-B7DD-E6B7A87C6E91}.Debug|Any CPU.ActiveCfg = Debug|Any CPU
		{07839A7D-EB82-48DF-B7DD-E6B7A87C6E91}.Debug|Any CPU.Build.0 = Debug|Any CPU
		{07839A7D-EB82-48DF-B7DD-E6B7A87C6E91}.Release|Any CPU.ActiveCfg = Release|Any CPU
		{07839A7D-EB82-48DF-B7DD-E6B7A87C6E91}.Release|Any CPU.Build.0 = Release|Any CPU
	EndGlobalSection
	GlobalSection(SolutionProperties) = preSolution
		HideSolutionNode = FALSE
	EndGlobalSection
	GlobalSection(ExtensibilityGlobals) = postSolution
		SolutionGuid = {D8C11B00-10C7-452B-89F6-4B3B5D66E772}
	EndGlobalSection
EndGlobal
